{
  "name": "size-matters",
  "version": "1.0.0",
  "lockfileVersion": 1,
  "requires": true,
  "dependencies": {
    "@types/arcgis-js-api": {
      "version": "http://jscore.esri.com/javascript/latest/api-reference/typings/arcgis-js-api-4.18.tgz",
      "integrity": "sha512-+uW1+ttuxeClz3Y7fzbCo5WRG4NaHwTjwrQWzjnJRB+UOY2W8dGWg06fLoMyAG+4QpA+HvScPqOzmvp3MRuFxw==",
      "dev": true
    },
    "tslib": {
      "version": "2.0.1",
      "resolved": "https://registry.npmjs.org/tslib/-/tslib-2.0.1.tgz",
      "integrity": "sha512-SgIkNheinmEBgx1IUNirK0TUD4X9yjjBRTqqjggWCU3pUEqIk3/Uwl3yRixYKT6WjQuGiwDv4NomL3wqRCj+CQ=="
    }
  }
}
