{
  "name": "size-matters",
  "version": "1.0.0",
  "lockfileVersion": 1,
  "requires": true,
  "dependencies": {
    "@types/arcgis-js-api": {
      "version": "http://localhost/javascript/latest/api-reference/typings/arcgis-js-api-4.18.tgz",
      "integrity": "sha512-vyjILZsE5+lDUYPl0jg1G0tFcGnQ/meV3JlJJ5enh3OfiUHlkLUScSSFzxDz+HqQGKdRJiNmbtzNWj9tSs3qVQ==",
      "dev": true
    },
    "tslib": {
      "version": "2.0.1",
      "resolved": "https://registry.npmjs.org/tslib/-/tslib-2.0.1.tgz",
      "integrity": "sha512-SgIkNheinmEBgx1IUNirK0TUD4X9yjjBRTqqjggWCU3pUEqIk3/Uwl3yRixYKT6WjQuGiwDv4NomL3wqRCj+CQ=="
    }
  }
}
